
Microsoft Visual Studio Solution File, Format Version 12.00
# Visual Studio Version 17
VisualStudioVersion = 17.11.35208.52
MinimumVisualStudioVersion = 10.0.40219.1
Project("{FAE04EC0-301F-11D3-BF4B-00C04F79EFBC}") = "Інтерфейси", "Інтерфейси.csproj", "{1928584E-B69A-401C-971E-717E2D70D97D}"
EndProject
Global
	GlobalSection(SolutionConfigurationPlatforms) = preSolution
		Debug|Any CPU = Debug|Any CPU
		Release|Any CPU = Release|Any CPU
	EndGlobalSection
	GlobalSection(ProjectConfigurationPlatforms) = postSolution
		{1928584E-B69A-401C-971E-717E2D70D97D}.Debug|Any CPU.ActiveCfg = Debug|Any CPU
		{1928584E-B69A-401C-971E-717E2D70D97D}.Debug|Any CPU.Build.0 = Debug|Any CPU
		{1928584E-B69A-401C-971E-717E2D70D97D}.Release|Any CPU.ActiveCfg = Release|Any CPU
		{1928584E-B69A-401C-971E-717E2D70D97D}.Release|Any CPU.Build.0 = Release|Any CPU
	EndGlobalSection
	GlobalSection(SolutionProperties) = preSolution
		HideSolutionNode = FALSE
	EndGlobalSection
	GlobalSection(ExtensibilityGlobals) = postSolution
		SolutionGuid = {DA75F7B6-EB63-441E-A8D1-4E9BFEE8D472}
	EndGlobalSection
EndGlobal
